
Microsoft Visual Studio Solution File, Format Version 12.00
# Visual Studio Version 16
VisualStudioVersion = 16.0.29102.190
MinimumVisualStudioVersion = 10.0.40219.1
Project("{FAE04EC0-301F-11D3-BF4B-00C04F79EFBC}") = "RegisztracioAlkalmazas", "RegisztracioAlkalmazas\RegisztracioAlkalmazas.csproj", "{1E6715A9-CBFB-4685-B16A-33A163B4109B}"
EndProject
Global
	GlobalSection(SolutionConfigurationPlatforms) = preSolution
		Debug|Any CPU = Debug|Any CPU
		Release|Any CPU = Release|Any CPU
	EndGlobalSection
	GlobalSection(ProjectConfigurationPlatforms) = postSolution
		{1E6715A9-CBFB-4685-B16A-33A163B4109B}.Debug|Any CPU.ActiveCfg = Debug|Any CPU
		{1E6715A9-CBFB-4685-B16A-33A163B4109B}.Debug|Any CPU.Build.0 = Debug|Any CPU
		{1E6715A9-CBFB-4685-B16A-33A163B4109B}.Release|Any CPU.ActiveCfg = Release|Any CPU
		{1E6715A9-CBFB-4685-B16A-33A163B4109B}.Release|Any CPU.Build.0 = Release|Any CPU
	EndGlobalSection
	GlobalSection(SolutionProperties) = preSolution
		HideSolutionNode = FALSE
	EndGlobalSection
	GlobalSection(ExtensibilityGlobals) = postSolution
		SolutionGuid = {B514E389-8720-41BB-8E85-E92815855F8A}
	EndGlobalSection
EndGlobal
